
Microsoft Visual Studio Solution File, Format Version 11.00
# Visual Studio 2010
Project("{8BC9CEB8-8B4A-11D0-8D11-00A0C91BC942}") = "poj_3278", "poj_3278\poj_3278.vcxproj", "{EB1D3F0E-64DA-4BE4-AC49-BACD2D025150}"
EndProject
Global
	GlobalSection(SolutionConfigurationPlatforms) = preSolution
		Debug|Win32 = Debug|Win32
		Release|Win32 = Release|Win32
	EndGlobalSection
	GlobalSection(ProjectConfigurationPlatforms) = postSolution
		{EB1D3F0E-64DA-4BE4-AC49-BACD2D025150}.Debug|Win32.ActiveCfg = Debug|Win32
		{EB1D3F0E-64DA-4BE4-AC49-BACD2D025150}.Debug|Win32.Build.0 = Debug|Win32
		{EB1D3F0E-64DA-4BE4-AC49-BACD2D025150}.Release|Win32.ActiveCfg = Release|Win32
		{EB1D3F0E-64DA-4BE4-AC49-BACD2D025150}.Release|Win32.Build.0 = Release|Win32
	EndGlobalSection
	GlobalSection(SolutionProperties) = preSolution
		HideSolutionNode = FALSE
	EndGlobalSection
EndGlobal
