
Microsoft Visual Studio Solution File, Format Version 11.00
# Visual Studio 2010
Project("{8BC9CEB8-8B4A-11D0-8D11-00A0C91BC942}") = "readExcel_py2.7.8", "readExcel_py2.7.8\readExcel_py2.7.8.vcxproj", "{107C5E53-0A38-456B-81E4-945AC11B995E}"
EndProject
Global
	GlobalSection(SolutionConfigurationPlatforms) = preSolution
		Debug|Win32 = Debug|Win32
		Release|Win32 = Release|Win32
	EndGlobalSection
	GlobalSection(ProjectConfigurationPlatforms) = postSolution
		{107C5E53-0A38-456B-81E4-945AC11B995E}.Debug|Win32.ActiveCfg = Debug|Win32
		{107C5E53-0A38-456B-81E4-945AC11B995E}.Debug|Win32.Build.0 = Debug|Win32
		{107C5E53-0A38-456B-81E4-945AC11B995E}.Release|Win32.ActiveCfg = Release|Win32
		{107C5E53-0A38-456B-81E4-945AC11B995E}.Release|Win32.Build.0 = Release|Win32
	EndGlobalSection
	GlobalSection(SolutionProperties) = preSolution
		HideSolutionNode = FALSE
	EndGlobalSection
EndGlobal
