
Microsoft Visual Studio Solution File, Format Version 11.00
# Visual Studio 2010
Project("{8BC9CEB8-8B4A-11D0-8D11-00A0C91BC942}") = "poj_2262", "poj_2262\poj_2262.vcxproj", "{2E300AC7-E121-493F-81F7-F9AF7517967C}"
EndProject
Global
	GlobalSection(SolutionConfigurationPlatforms) = preSolution
		Debug|Win32 = Debug|Win32
		Release|Win32 = Release|Win32
	EndGlobalSection
	GlobalSection(ProjectConfigurationPlatforms) = postSolution
		{2E300AC7-E121-493F-81F7-F9AF7517967C}.Debug|Win32.ActiveCfg = Debug|Win32
		{2E300AC7-E121-493F-81F7-F9AF7517967C}.Debug|Win32.Build.0 = Debug|Win32
		{2E300AC7-E121-493F-81F7-F9AF7517967C}.Release|Win32.ActiveCfg = Release|Win32
		{2E300AC7-E121-493F-81F7-F9AF7517967C}.Release|Win32.Build.0 = Release|Win32
	EndGlobalSection
	GlobalSection(SolutionProperties) = preSolution
		HideSolutionNode = FALSE
	EndGlobalSection
EndGlobal
