
Microsoft Visual Studio Solution File, Format Version 11.00
# Visual Studio 2010
Project("{8BC9CEB8-8B4A-11D0-8D11-00A0C91BC942}") = "继承测试2", "继承测试2\继承测试2.vcxproj", "{135C4B60-5550-43E1-BEFB-45851D672BE6}"
EndProject
Global
	GlobalSection(SolutionConfigurationPlatforms) = preSolution
		Debug|Win32 = Debug|Win32
		Release|Win32 = Release|Win32
	EndGlobalSection
	GlobalSection(ProjectConfigurationPlatforms) = postSolution
		{135C4B60-5550-43E1-BEFB-45851D672BE6}.Debug|Win32.ActiveCfg = Debug|Win32
		{135C4B60-5550-43E1-BEFB-45851D672BE6}.Debug|Win32.Build.0 = Debug|Win32
		{135C4B60-5550-43E1-BEFB-45851D672BE6}.Release|Win32.ActiveCfg = Release|Win32
		{135C4B60-5550-43E1-BEFB-45851D672BE6}.Release|Win32.Build.0 = Release|Win32
	EndGlobalSection
	GlobalSection(SolutionProperties) = preSolution
		HideSolutionNode = FALSE
	EndGlobalSection
EndGlobal
