
Microsoft Visual Studio Solution File, Format Version 11.00
# Visual Studio 2010
Project("{8BC9CEB8-8B4A-11D0-8D11-00A0C91BC942}") = "QuickSort", "QuickSort\QuickSort.vcxproj", "{9E063E99-61B4-407D-A3B7-F94C32AB1223}"
EndProject
Global
	GlobalSection(SolutionConfigurationPlatforms) = preSolution
		Debug|Win32 = Debug|Win32
		Release|Win32 = Release|Win32
	EndGlobalSection
	GlobalSection(ProjectConfigurationPlatforms) = postSolution
		{9E063E99-61B4-407D-A3B7-F94C32AB1223}.Debug|Win32.ActiveCfg = Debug|Win32
		{9E063E99-61B4-407D-A3B7-F94C32AB1223}.Debug|Win32.Build.0 = Debug|Win32
		{9E063E99-61B4-407D-A3B7-F94C32AB1223}.Release|Win32.ActiveCfg = Release|Win32
		{9E063E99-61B4-407D-A3B7-F94C32AB1223}.Release|Win32.Build.0 = Release|Win32
	EndGlobalSection
	GlobalSection(SolutionProperties) = preSolution
		HideSolutionNode = FALSE
	EndGlobalSection
EndGlobal
