
Microsoft Visual Studio Solution File, Format Version 11.00
# Visual Studio 2010
Project("{8BC9CEB8-8B4A-11D0-8D11-00A0C91BC942}") = "类模板", "类模板\类模板.vcxproj", "{9218BBD1-D10E-49AC-B4D4-C06DEE700334}"
EndProject
Global
	GlobalSection(SolutionConfigurationPlatforms) = preSolution
		Debug|Win32 = Debug|Win32
		Release|Win32 = Release|Win32
	EndGlobalSection
	GlobalSection(ProjectConfigurationPlatforms) = postSolution
		{9218BBD1-D10E-49AC-B4D4-C06DEE700334}.Debug|Win32.ActiveCfg = Debug|Win32
		{9218BBD1-D10E-49AC-B4D4-C06DEE700334}.Debug|Win32.Build.0 = Debug|Win32
		{9218BBD1-D10E-49AC-B4D4-C06DEE700334}.Release|Win32.ActiveCfg = Release|Win32
		{9218BBD1-D10E-49AC-B4D4-C06DEE700334}.Release|Win32.Build.0 = Release|Win32
	EndGlobalSection
	GlobalSection(SolutionProperties) = preSolution
		HideSolutionNode = FALSE
	EndGlobalSection
EndGlobal
