
Microsoft Visual Studio Solution File, Format Version 11.00
# Visual Studio 2010
Project("{8BC9CEB8-8B4A-11D0-8D11-00A0C91BC942}") = "poj_1011", "poj_1011\poj_1011.vcxproj", "{67C087B7-B396-466D-A76E-9ACD94333780}"
EndProject
Global
	GlobalSection(SolutionConfigurationPlatforms) = preSolution
		Debug|Win32 = Debug|Win32
		Release|Win32 = Release|Win32
	EndGlobalSection
	GlobalSection(ProjectConfigurationPlatforms) = postSolution
		{67C087B7-B396-466D-A76E-9ACD94333780}.Debug|Win32.ActiveCfg = Debug|Win32
		{67C087B7-B396-466D-A76E-9ACD94333780}.Debug|Win32.Build.0 = Debug|Win32
		{67C087B7-B396-466D-A76E-9ACD94333780}.Release|Win32.ActiveCfg = Release|Win32
		{67C087B7-B396-466D-A76E-9ACD94333780}.Release|Win32.Build.0 = Release|Win32
	EndGlobalSection
	GlobalSection(SolutionProperties) = preSolution
		HideSolutionNode = FALSE
	EndGlobalSection
EndGlobal
