
Microsoft Visual Studio Solution File, Format Version 11.00
# Visual Studio 2010
Project("{8BC9CEB8-8B4A-11D0-8D11-00A0C91BC942}") = "cricital", "cricital\cricital.vcxproj", "{E0AB6DA8-BFF0-4DBE-9507-2641CD57A82B}"
EndProject
Global
	GlobalSection(SolutionConfigurationPlatforms) = preSolution
		Debug|Win32 = Debug|Win32
		Release|Win32 = Release|Win32
	EndGlobalSection
	GlobalSection(ProjectConfigurationPlatforms) = postSolution
		{E0AB6DA8-BFF0-4DBE-9507-2641CD57A82B}.Debug|Win32.ActiveCfg = Debug|Win32
		{E0AB6DA8-BFF0-4DBE-9507-2641CD57A82B}.Debug|Win32.Build.0 = Debug|Win32
		{E0AB6DA8-BFF0-4DBE-9507-2641CD57A82B}.Release|Win32.ActiveCfg = Release|Win32
		{E0AB6DA8-BFF0-4DBE-9507-2641CD57A82B}.Release|Win32.Build.0 = Release|Win32
	EndGlobalSection
	GlobalSection(SolutionProperties) = preSolution
		HideSolutionNode = FALSE
	EndGlobalSection
EndGlobal
