
Microsoft Visual Studio Solution File, Format Version 11.00
# Visual Studio 2010
Project("{8BC9CEB8-8B4A-11D0-8D11-00A0C91BC942}") = "poj_1014", "poj_1014\poj_1014.vcxproj", "{CDF7C815-248F-4125-BFEC-AE0D58826836}"
EndProject
Global
	GlobalSection(SolutionConfigurationPlatforms) = preSolution
		Debug|Win32 = Debug|Win32
		Release|Win32 = Release|Win32
	EndGlobalSection
	GlobalSection(ProjectConfigurationPlatforms) = postSolution
		{CDF7C815-248F-4125-BFEC-AE0D58826836}.Debug|Win32.ActiveCfg = Debug|Win32
		{CDF7C815-248F-4125-BFEC-AE0D58826836}.Debug|Win32.Build.0 = Debug|Win32
		{CDF7C815-248F-4125-BFEC-AE0D58826836}.Release|Win32.ActiveCfg = Release|Win32
		{CDF7C815-248F-4125-BFEC-AE0D58826836}.Release|Win32.Build.0 = Release|Win32
	EndGlobalSection
	GlobalSection(SolutionProperties) = preSolution
		HideSolutionNode = FALSE
	EndGlobalSection
EndGlobal
