
Microsoft Visual Studio Solution File, Format Version 11.00
# Visual Studio 2010
Project("{8BC9CEB8-8B4A-11D0-8D11-00A0C91BC942}") = "Thread_lock", "Thread_lock\Thread_lock.vcxproj", "{01800B1D-7510-41C2-99CE-F34FBE69668A}"
EndProject
Global
	GlobalSection(SolutionConfigurationPlatforms) = preSolution
		Debug|Win32 = Debug|Win32
		Release|Win32 = Release|Win32
	EndGlobalSection
	GlobalSection(ProjectConfigurationPlatforms) = postSolution
		{01800B1D-7510-41C2-99CE-F34FBE69668A}.Debug|Win32.ActiveCfg = Debug|Win32
		{01800B1D-7510-41C2-99CE-F34FBE69668A}.Debug|Win32.Build.0 = Debug|Win32
		{01800B1D-7510-41C2-99CE-F34FBE69668A}.Release|Win32.ActiveCfg = Release|Win32
		{01800B1D-7510-41C2-99CE-F34FBE69668A}.Release|Win32.Build.0 = Release|Win32
	EndGlobalSection
	GlobalSection(SolutionProperties) = preSolution
		HideSolutionNode = FALSE
	EndGlobalSection
EndGlobal
