
Microsoft Visual Studio Solution File, Format Version 11.00
# Visual Studio 2010
Project("{8BC9CEB8-8B4A-11D0-8D11-00A0C91BC942}") = "Util_file", "Util_file\Util_file.vcxproj", "{34120F71-F712-49A6-921D-F5B4F52F505D}"
EndProject
Global
	GlobalSection(SolutionConfigurationPlatforms) = preSolution
		Debug|Win32 = Debug|Win32
		Release|Win32 = Release|Win32
	EndGlobalSection
	GlobalSection(ProjectConfigurationPlatforms) = postSolution
		{34120F71-F712-49A6-921D-F5B4F52F505D}.Debug|Win32.ActiveCfg = Debug|Win32
		{34120F71-F712-49A6-921D-F5B4F52F505D}.Debug|Win32.Build.0 = Debug|Win32
		{34120F71-F712-49A6-921D-F5B4F52F505D}.Release|Win32.ActiveCfg = Release|Win32
		{34120F71-F712-49A6-921D-F5B4F52F505D}.Release|Win32.Build.0 = Release|Win32
	EndGlobalSection
	GlobalSection(SolutionProperties) = preSolution
		HideSolutionNode = FALSE
	EndGlobalSection
EndGlobal
