
Microsoft Visual Studio Solution File, Format Version 11.00
# Visual Studio 2010
Project("{8BC9CEB8-8B4A-11D0-8D11-00A0C91BC942}") = "poj_3126", "poj_3126\poj_3126.vcxproj", "{0129B1A6-26D8-44CE-98F7-589D922F0104}"
EndProject
Global
	GlobalSection(SolutionConfigurationPlatforms) = preSolution
		Debug|Win32 = Debug|Win32
		Release|Win32 = Release|Win32
	EndGlobalSection
	GlobalSection(ProjectConfigurationPlatforms) = postSolution
		{0129B1A6-26D8-44CE-98F7-589D922F0104}.Debug|Win32.ActiveCfg = Debug|Win32
		{0129B1A6-26D8-44CE-98F7-589D922F0104}.Debug|Win32.Build.0 = Debug|Win32
		{0129B1A6-26D8-44CE-98F7-589D922F0104}.Release|Win32.ActiveCfg = Release|Win32
		{0129B1A6-26D8-44CE-98F7-589D922F0104}.Release|Win32.Build.0 = Release|Win32
	EndGlobalSection
	GlobalSection(SolutionProperties) = preSolution
		HideSolutionNode = FALSE
	EndGlobalSection
EndGlobal
