
Microsoft Visual Studio Solution File, Format Version 11.00
# Visual Studio 2010
Project("{8BC9CEB8-8B4A-11D0-8D11-00A0C91BC942}") = "SendMail_LibCurl", "SendMail_LibCurl\SendMail_LibCurl.vcxproj", "{F655B139-2125-42C5-B996-37A06459F1BA}"
EndProject
Global
	GlobalSection(SolutionConfigurationPlatforms) = preSolution
		Debug|Win32 = Debug|Win32
		Release|Win32 = Release|Win32
	EndGlobalSection
	GlobalSection(ProjectConfigurationPlatforms) = postSolution
		{F655B139-2125-42C5-B996-37A06459F1BA}.Debug|Win32.ActiveCfg = Debug|Win32
		{F655B139-2125-42C5-B996-37A06459F1BA}.Debug|Win32.Build.0 = Debug|Win32
		{F655B139-2125-42C5-B996-37A06459F1BA}.Release|Win32.ActiveCfg = Release|Win32
		{F655B139-2125-42C5-B996-37A06459F1BA}.Release|Win32.Build.0 = Release|Win32
	EndGlobalSection
	GlobalSection(SolutionProperties) = preSolution
		HideSolutionNode = FALSE
	EndGlobalSection
EndGlobal
